
Microsoft Visual Studio Solution File, Format Version 12.00
# Visual Studio 15
VisualStudioVersion = 15.0.26730.16
MinimumVisualStudioVersion = 10.0.40219.1
Project("{FAE04EC0-301F-11D3-BF4B-00C04F79EFBC}") = "osu!ui skinner", "osu!ui skinner\osu!ui skinner.csproj", "{ECCDFD8B-DC66-438C-8526-AB95F23E2DBF}"
EndProject
Global
	GlobalSection(SolutionConfigurationPlatforms) = preSolution
		Debug|Any CPU = Debug|Any CPU
		Release|Any CPU = Release|Any CPU
	EndGlobalSection
	GlobalSection(ProjectConfigurationPlatforms) = postSolution
		{ECCDFD8B-DC66-438C-8526-AB95F23E2DBF}.Debug|Any CPU.ActiveCfg = Debug|Any CPU
		{ECCDFD8B-DC66-438C-8526-AB95F23E2DBF}.Debug|Any CPU.Build.0 = Debug|Any CPU
		{ECCDFD8B-DC66-438C-8526-AB95F23E2DBF}.Release|Any CPU.ActiveCfg = Release|Any CPU
		{ECCDFD8B-DC66-438C-8526-AB95F23E2DBF}.Release|Any CPU.Build.0 = Release|Any CPU
	EndGlobalSection
	GlobalSection(SolutionProperties) = preSolution
		HideSolutionNode = FALSE
	EndGlobalSection
	GlobalSection(ExtensibilityGlobals) = postSolution
		SolutionGuid = {90BD42F8-DE65-4C47-A07F-11050901D102}
	EndGlobalSection
EndGlobal
